lockfileVersion: '9.0'

settings:
  autoInstallPeers: true
  excludeLinksFromLockfile: false

importers:

  .:
    devDependencies:
      '@types/k6':
        specifier: ^1.5.0
        version: 1.5.0

packages:

  '@types/k6@1.5.0':
    resolution: {integrity: sha512-eQmSjjgYO1irlOmoZzGSuoYsK2uMrX3m/flcnqt5IDLA9D/vkPcRsAKfe9D6GrjXATD/Oo9ynQ6vc13V02WRmQ==}

snapshots:

  '@types/k6@1.5.0': {}
